
Microsoft Visual Studio Solution File, Format Version 12.00
# Visual Studio 14
VisualStudioVersion = 14.0.25420.1
MinimumVisualStudioVersion = 10.0.40219.1
Project("{FAE04EC0-301F-11D3-BF4B-00C04F79EFBC}") = "Phoneword1", "Phoneword1\Phoneword1\Phoneword1.csproj", "{6CE319FE-42EF-4308-B4CE-9C853261590D}"
EndProject
Project("{FAE04EC0-301F-11D3-BF4B-00C04F79EFBC}") = "Phoneword1.Droid", "Phoneword1\Phoneword1.Droid\Phoneword1.Droid.csproj", "{81A8CB09-D3B0-42AC-9DAD-0989E351FE3A}"
EndProject
Project("{FAE04EC0-301F-11D3-BF4B-00C04F79EFBC}") = "Phoneword1.iOS", "Phoneword1\Phoneword1.iOS\Phoneword1.iOS.csproj", "{D786F943-E4B7-4240-914D-FFA39A31C487}"
EndProject
Project("{FAE04EC0-301F-11D3-BF4B-00C04F79EFBC}") = "Phoneword1.WinPhone", "Phoneword1\Phoneword1.WinPhone\Phoneword1.WinPhone.csproj", "{2649B75E-E46C-4BE3-850E-029B10CBA7FE}"
EndProject
Project("{FAE04EC0-301F-11D3-BF4B-00C04F79EFBC}") = "Phoneword1.UWP", "Phoneword1\Phoneword1.UWP\Phoneword1.UWP.csproj", "{3361CBB2-ABCD-4433-B1DB-76F5E0F441D8}"
EndProject
Project("{FAE04EC0-301F-11D3-BF4B-00C04F79EFBC}") = "Phoneword1.Windows", "Phoneword1\Phoneword1.Windows\Phoneword1.Windows.csproj", "{A45E9953-D2F8-4BB2-B601-89FD0D626141}"
EndProject
Global
	GlobalSection(SolutionConfigurationPlatforms) = preSolution
		Ad-Hoc|Any CPU = Ad-Hoc|Any CPU
		Ad-Hoc|ARM = Ad-Hoc|ARM
		Ad-Hoc|iPhone = Ad-Hoc|iPhone
		Ad-Hoc|iPhoneSimulator = Ad-Hoc|iPhoneSimulator
		Ad-Hoc|x64 = Ad-Hoc|x64
		Ad-Hoc|x86 = Ad-Hoc|x86
		AppStore|Any CPU = AppStore|Any CPU
		AppStore|ARM = AppStore|ARM
		AppStore|iPhone = AppStore|iPhone
		AppStore|iPhoneSimulator = AppStore|iPhoneSimulator
		AppStore|x64 = AppStore|x64
		AppStore|x86 = AppStore|x86
		Debug|Any CPU = Debug|Any CPU
		Debug|ARM = Debug|ARM
		Debug|iPhone = Debug|iPhone
		Debug|iPhoneSimulator = Debug|iPhoneSimulator
		Debug|x64 = Debug|x64
		Debug|x86 = Debug|x86
		Release|Any CPU = Release|Any CPU
		Release|ARM = Release|ARM
		Release|iPhone = Release|iPhone
		Release|iPhoneSimulator = Release|iPhoneSimulator
		Release|x64 = Release|x64
		Release|x86 = Release|x86
	EndGlobalSection
	GlobalSection(ProjectConfigurationPlatforms) = postSolution
		{6CE319FE-42EF-4308-B4CE-9C853261590D}.Ad-Hoc|Any CPU.ActiveCfg = Release|Any CPU
		{6CE319FE-42EF-4308-B4CE-9C853261590D}.Ad-Hoc|Any CPU.Build.0 = Release|Any CPU
		{6CE319FE-42EF-4308-B4CE-9C853261590D}.Ad-Hoc|ARM.ActiveCfg = Release|Any CPU
		{6CE319FE-42EF-4308-B4CE-9C853261590D}.Ad-Hoc|ARM.Build.0 = Release|Any CPU
		{6CE319FE-42EF-4308-B4CE-9C853261590D}.Ad-Hoc|iPhone.ActiveCfg = Release|Any CPU
		{6CE319FE-42EF-4308-B4CE-9C853261590D}.Ad-Hoc|iPhone.Build.0 = Release|Any CPU
		{6CE319FE-42EF-4308-B4CE-9C853261590D}.Ad-Hoc|iPhoneSimulator.ActiveCfg = Release|Any CPU
		{6CE319FE-42EF-4308-B4CE-9C853261590D}.Ad-Hoc|iPhoneSimulator.Build.0 = Release|Any CPU
		{6CE319FE-42EF-4308-B4CE-9C853261590D}.Ad-Hoc|x64.ActiveCfg = Release|Any CPU
		{6CE319FE-42EF-4308-B4CE-9C853261590D}.Ad-Hoc|x64.Build.0 = Release|Any CPU
		{6CE319FE-42EF-4308-B4CE-9C853261590D}.Ad-Hoc|x86.ActiveCfg = Release|Any CPU
		{6CE319FE-42EF-4308-B4CE-9C853261590D}.Ad-Hoc|x86.Build.0 = Release|Any CPU
		{6CE319FE-42EF-4308-B4CE-9C853261590D}.AppStore|Any CPU.ActiveCfg = Release|Any CPU
		{6CE319FE-42EF-4308-B4CE-9C853261590D}.AppStore|Any CPU.Build.0 = Release|Any CPU
		{6CE319FE-42EF-4308-B4CE-9C853261590D}.AppStore|ARM.ActiveCfg = Release|Any CPU
		{6CE319FE-42EF-4308-B4CE-9C853261590D}.AppStore|ARM.Build.0 = Release|Any CPU
		{6CE319FE-42EF-4308-B4CE-9C853261590D}.AppStore|iPhone.ActiveCfg = Release|Any CPU
		{6CE319FE-42EF-4308-B4CE-9C853261590D}.AppStore|iPhone.Build.0 = Release|Any CPU
		{6CE319FE-42EF-4308-B4CE-9C853261590D}.AppStore|iPhoneSimulator.ActiveCfg = Release|Any CPU
		{6CE319FE-42EF-4308-B4CE-9C853261590D}.AppStore|iPhoneSimulator.Build.0 = Release|Any CPU
		{6CE319FE-42EF-4308-B4CE-9C853261590D}.AppStore|x64.ActiveCfg = Release|Any CPU
		{6CE319FE-42EF-4308-B4CE-9C853261590D}.AppStore|x64.Build.0 = Release|Any CPU
		{6CE319FE-42EF-4308-B4CE-9C853261590D}.AppStore|x86.ActiveCfg = Release|Any CPU
		{6CE319FE-42EF-4308-B4CE-9C853261590D}.AppStore|x86.Build.0 = Release|Any CPU
		{6CE319FE-42EF-4308-B4CE-9C853261590D}.Debug|Any CPU.ActiveCfg = Debug|Any CPU
		{6CE319FE-42EF-4308-B4CE-9C853261590D}.Debug|Any CPU.Build.0 = Debug|Any CPU
		{6CE319FE-42EF-4308-B4CE-9C853261590D}.Debug|ARM.ActiveCfg = Debug|Any CPU
		{6CE319FE-42EF-4308-B4CE-9C853261590D}.Debug|ARM.Build.0 = Debug|Any CPU
		{6CE319FE-42EF-4308-B4CE-9C853261590D}.Debug|iPhone.ActiveCfg = Debug|Any CPU
		{6CE319FE-42EF-4308-B4CE-9C853261590D}.Debug|iPhone.Build.0 = Debug|Any CPU
		{6CE319FE-42EF-4308-B4CE-9C853261590D}.Debug|iPhoneSimulator.ActiveCfg = Debug|Any CPU
		{6CE319FE-42EF-4308-B4CE-9C853261590D}.Debug|iPhoneSimulator.Build.0 = Debug|Any CPU
		{6CE319FE-42EF-4308-B4CE-9C853261590D}.Debug|x64.ActiveCfg = Debug|Any CPU
		{6CE319FE-42EF-4308-B4CE-9C853261590D}.Debug|x64.Build.0 = Debug|Any CPU
		{6CE319FE-42EF-4308-B4CE-9C853261590D}.Debug|x86.ActiveCfg = Debug|Any CPU
		{6CE319FE-42EF-4308-B4CE-9C853261590D}.Debug|x86.Build.0 = Debug|Any CPU
		{6CE319FE-42EF-4308-B4CE-9C853261590D}.Release|Any CPU.ActiveCfg = Release|Any CPU
		{6CE319FE-42EF-4308-B4CE-9C853261590D}.Release|Any CPU.Build.0 = Release|Any CPU
		{6CE319FE-42EF-4308-B4CE-9C853261590D}.Release|ARM.ActiveCfg = Release|Any CPU
		{6CE319FE-42EF-4308-B4CE-9C853261590D}.Release|ARM.Build.0 = Release|Any CPU
		{6CE319FE-42EF-4308-B4CE-9C853261590D}.Release|iPhone.ActiveCfg = Release|Any CPU
		{6CE319FE-42EF-4308-B4CE-9C853261590D}.Release|iPhone.Build.0 = Release|Any CPU
		{6CE319FE-42EF-4308-B4CE-9C853261590D}.Release|iPhoneSimulator.ActiveCfg = Release|Any CPU
		{6CE319FE-42EF-4308-B4CE-9C853261590D}.Release|iPhoneSimulator.Build.0 = Release|Any CPU
		{6CE319FE-42EF-4308-B4CE-9C853261590D}.Release|x64.ActiveCfg = Release|Any CPU
		{6CE319FE-42EF-4308-B4CE-9C853261590D}.Release|x64.Build.0 = Release|Any CPU
		{6CE319FE-42EF-4308-B4CE-9C853261590D}.Release|x86.ActiveCfg = Release|Any CPU
		{6CE319FE-42EF-4308-B4CE-9C853261590D}.Release|x86.Build.0 = Release|Any CPU
		{81A8CB09-D3B0-42AC-9DAD-0989E351FE3A}.Ad-Hoc|Any CPU.ActiveCfg = Release|Any CPU
		{81A8CB09-D3B0-42AC-9DAD-0989E351FE3A}.Ad-Hoc|Any CPU.Build.0 = Release|Any CPU
		{81A8CB09-D3B0-42AC-9DAD-0989E351FE3A}.Ad-Hoc|Any CPU.Deploy.0 = Release|Any CPU
		{81A8CB09-D3B0-42AC-9DAD-0989E351FE3A}.Ad-Hoc|ARM.ActiveCfg = Release|Any CPU
		{81A8CB09-D3B0-42AC-9DAD-0989E351FE3A}.Ad-Hoc|ARM.Build.0 = Release|Any CPU
		{81A8CB09-D3B0-42AC-9DAD-0989E351FE3A}.Ad-Hoc|ARM.Deploy.0 = Release|Any CPU
		{81A8CB09-D3B0-42AC-9DAD-0989E351FE3A}.Ad-Hoc|iPhone.ActiveCfg = Release|Any CPU
		{81A8CB09-D3B0-42AC-9DAD-0989E351FE3A}.Ad-Hoc|iPhone.Build.0 = Release|Any CPU
		{81A8CB09-D3B0-42AC-9DAD-0989E351FE3A}.Ad-Hoc|iPhone.Deploy.0 = Release|Any CPU
		{81A8CB09-D3B0-42AC-9DAD-0989E351FE3A}.Ad-Hoc|iPhoneSimulator.ActiveCfg = Release|Any CPU
		{81A8CB09-D3B0-42AC-9DAD-0989E351FE3A}.Ad-Hoc|iPhoneSimulator.Build.0 = Release|Any CPU
		{81A8CB09-D3B0-42AC-9DAD-0989E351FE3A}.Ad-Hoc|iPhoneSimulator.Deploy.0 = Release|Any CPU
		{81A8CB09-D3B0-42AC-9DAD-0989E351FE3A}.Ad-Hoc|x64.ActiveCfg = Release|Any CPU
		{81A8CB09-D3B0-42AC-9DAD-0989E351FE3A}.Ad-Hoc|x64.Build.0 = Release|Any CPU
		{81A8CB09-D3B0-42AC-9DAD-0989E351FE3A}.Ad-Hoc|x64.Deploy.0 = Release|Any CPU
		{81A8CB09-D3B0-42AC-9DAD-0989E351FE3A}.Ad-Hoc|x86.ActiveCfg = Release|Any CPU
		{81A8CB09-D3B0-42AC-9DAD-0989E351FE3A}.Ad-Hoc|x86.Build.0 = Release|Any CPU
		{81A8CB09-D3B0-42AC-9DAD-0989E351FE3A}.Ad-Hoc|x86.Deploy.0 = Release|Any CPU
		{81A8CB09-D3B0-42AC-9DAD-0989E351FE3A}.AppStore|Any CPU.ActiveCfg = Release|Any CPU
		{81A8CB09-D3B0-42AC-9DAD-0989E351FE3A}.AppStore|Any CPU.Build.0 = Release|Any CPU
		{81A8CB09-D3B0-42AC-9DAD-0989E351FE3A}.AppStore|Any CPU.Deploy.0 = Release|Any CPU
		{81A8CB09-D3B0-42AC-9DAD-0989E351FE3A}.AppStore|ARM.ActiveCfg = Release|Any CPU
		{81A8CB09-D3B0-42AC-9DAD-0989E351FE3A}.AppStore|ARM.Build.0 = Release|Any CPU
		{81A8CB09-D3B0-42AC-9DAD-0989E351FE3A}.AppStore|ARM.Deploy.0 = Release|Any CPU
		{81A8CB09-D3B0-42AC-9DAD-0989E351FE3A}.AppStore|iPhone.ActiveCfg = Release|Any CPU
		{81A8CB09-D3B0-42AC-9DAD-0989E351FE3A}.AppStore|iPhone.Build.0 = Release|Any CPU
		{81A8CB09-D3B0-42AC-9DAD-0989E351FE3A}.AppStore|iPhone.Deploy.0 = Release|Any CPU
		{81A8CB09-D3B0-42AC-9DAD-0989E351FE3A}.AppStore|iPhoneSimulator.ActiveCfg = Release|Any CPU
		{81A8CB09-D3B0-42AC-9DAD-0989E351FE3A}.AppStore|iPhoneSimulator.Build.0 = Release|Any CPU
		{81A8CB09-D3B0-42AC-9DAD-0989E351FE3A}.AppStore|iPhoneSimulator.Deploy.0 = Release|Any CPU
		{81A8CB09-D3B0-42AC-9DAD-0989E351FE3A}.AppStore|x64.ActiveCfg = Release|Any CPU
		{81A8CB09-D3B0-42AC-9DAD-0989E351FE3A}.AppStore|x64.Build.0 = Release|Any CPU
		{81A8CB09-D3B0-42AC-9DAD-0989E351FE3A}.AppStore|x64.Deploy.0 = Release|Any CPU
		{81A8CB09-D3B0-42AC-9DAD-0989E351FE3A}.AppStore|x86.ActiveCfg = Release|Any CPU
		{81A8CB09-D3B0-42AC-9DAD-0989E351FE3A}.AppStore|x86.Build.0 = Release|Any CPU
		{81A8CB09-D3B0-42AC-9DAD-0989E351FE3A}.AppStore|x86.Deploy.0 = Release|Any CPU
		{81A8CB09-D3B0-42AC-9DAD-0989E351FE3A}.Debug|Any CPU.ActiveCfg = Debug|Any CPU
		{81A8CB09-D3B0-42AC-9DAD-0989E351FE3A}.Debug|Any CPU.Build.0 = Debug|Any CPU
		{81A8CB09-D3B0-42AC-9DAD-0989E351FE3A}.Debug|Any CPU.Deploy.0 = Debug|Any CPU
		{81A8CB09-D3B0-42AC-9DAD-0989E351FE3A}.Debug|ARM.ActiveCfg = Debug|Any CPU
		{81A8CB09-D3B0-42AC-9DAD-0989E351FE3A}.Debug|ARM.Build.0 = Debug|Any CPU
		{81A8CB09-D3B0-42AC-9DAD-0989E351FE3A}.Debug|ARM.Deploy.0 = Debug|Any CPU
		{81A8CB09-D3B0-42AC-9DAD-0989E351FE3A}.Debug|iPhone.ActiveCfg = Debug|Any CPU
		{81A8CB09-D3B0-42AC-9DAD-0989E351FE3A}.Debug|iPhone.Build.0 = Debug|Any CPU
		{81A8CB09-D3B0-42AC-9DAD-0989E351FE3A}.Debug|iPhone.Deploy.0 = Debug|Any CPU
		{81A8CB09-D3B0-42AC-9DAD-0989E351FE3A}.Debug|iPhoneSimulator.ActiveCfg = Debug|Any CPU
		{81A8CB09-D3B0-42AC-9DAD-0989E351FE3A}.Debug|iPhoneSimulator.Build.0 = Debug|Any CPU
		{81A8CB09-D3B0-42AC-9DAD-0989E351FE3A}.Debug|iPhoneSimulator.Deploy.0 = Debug|Any CPU
		{81A8CB09-D3B0-42AC-9DAD-0989E351FE3A}.Debug|x64.ActiveCfg = Debug|Any CPU
		{81A8CB09-D3B0-42AC-9DAD-0989E351FE3A}.Debug|x64.Build.0 = Debug|Any CPU
		{81A8CB09-D3B0-42AC-9DAD-0989E351FE3A}.Debug|x64.Deploy.0 = Debug|Any CPU
		{81A8CB09-D3B0-42AC-9DAD-0989E351FE3A}.Debug|x86.ActiveCfg = Debug|Any CPU
		{81A8CB09-D3B0-42AC-9DAD-0989E351FE3A}.Debug|x86.Build.0 = Debug|Any CPU
		{81A8CB09-D3B0-42AC-9DAD-0989E351FE3A}.Debug|x86.Deploy.0 = Debug|Any CPU
		{81A8CB09-D3B0-42AC-9DAD-0989E351FE3A}.Release|Any CPU.ActiveCfg = Release|Any CPU
		{81A8CB09-D3B0-42AC-9DAD-0989E351FE3A}.Release|Any CPU.Build.0 = Release|Any CPU
		{81A8CB09-D3B0-42AC-9DAD-0989E351FE3A}.Release|Any CPU.Deploy.0 = Release|Any CPU
		{81A8CB09-D3B0-42AC-9DAD-0989E351FE3A}.Release|ARM.ActiveCfg = Release|Any CPU
		{81A8CB09-D3B0-42AC-9DAD-0989E351FE3A}.Release|ARM.Build.0 = Release|Any CPU
		{81A8CB09-D3B0-42AC-9DAD-0989E351FE3A}.Release|ARM.Deploy.0 = Release|Any CPU
		{81A8CB09-D3B0-42AC-9DAD-0989E351FE3A}.Release|iPhone.ActiveCfg = Release|Any CPU
		{81A8CB09-D3B0-42AC-9DAD-0989E351FE3A}.Release|iPhone.Build.0 = Release|Any CPU
		{81A8CB09-D3B0-42AC-9DAD-0989E351FE3A}.Release|iPhone.Deploy.0 = Release|Any CPU
		{81A8CB09-D3B0-42AC-9DAD-0989E351FE3A}.Release|iPhoneSimulator.ActiveCfg = Release|Any CPU
		{81A8CB09-D3B0-42AC-9DAD-0989E351FE3A}.Release|iPhoneSimulator.Build.0 = Release|Any CPU
		{81A8CB09-D3B0-42AC-9DAD-0989E351FE3A}.Release|iPhoneSimulator.Deploy.0 = Release|Any CPU
		{81A8CB09-D3B0-42AC-9DAD-0989E351FE3A}.Release|x64.ActiveCfg = Release|Any CPU
		{81A8CB09-D3B0-42AC-9DAD-0989E351FE3A}.Release|x64.Build.0 = Release|Any CPU
		{81A8CB09-D3B0-42AC-9DAD-0989E351FE3A}.Release|x64.Deploy.0 = Release|Any CPU
		{81A8CB09-D3B0-42AC-9DAD-0989E351FE3A}.Release|x86.ActiveCfg = Release|Any CPU
		{81A8CB09-D3B0-42AC-9DAD-0989E351FE3A}.Release|x86.Build.0 = Release|Any CPU
		{81A8CB09-D3B0-42AC-9DAD-0989E351FE3A}.Release|x86.Deploy.0 = Release|Any CPU
		{D786F943-E4B7-4240-914D-FFA39A31C487}.Ad-Hoc|Any CPU.ActiveCfg = Ad-Hoc|iPhone
		{D786F943-E4B7-4240-914D-FFA39A31C487}.Ad-Hoc|ARM.ActiveCfg = Ad-Hoc|iPhone
		{D786F943-E4B7-4240-914D-FFA39A31C487}.Ad-Hoc|iPhone.ActiveCfg = Ad-Hoc|iPhone
		{D786F943-E4B7-4240-914D-FFA39A31C487}.Ad-Hoc|iPhone.Build.0 = Ad-Hoc|iPhone
		{D786F943-E4B7-4240-914D-FFA39A31C487}.Ad-Hoc|iPhoneSimulator.ActiveCfg = Ad-Hoc|iPhoneSimulator
		{D786F943-E4B7-4240-914D-FFA39A31C487}.Ad-Hoc|iPhoneSimulator.Build.0 = Ad-Hoc|iPhoneSimulator
		{D786F943-E4B7-4240-914D-FFA39A31C487}.Ad-Hoc|x64.ActiveCfg = Ad-Hoc|iPhone
		{D786F943-E4B7-4240-914D-FFA39A31C487}.Ad-Hoc|x86.ActiveCfg = Ad-Hoc|iPhone
		{D786F943-E4B7-4240-914D-FFA39A31C487}.AppStore|Any CPU.ActiveCfg = AppStore|iPhone
		{D786F943-E4B7-4240-914D-FFA39A31C487}.AppStore|ARM.ActiveCfg = AppStore|iPhone
		{D786F943-E4B7-4240-914D-FFA39A31C487}.AppStore|iPhone.ActiveCfg = AppStore|iPhone
		{D786F943-E4B7-4240-914D-FFA39A31C487}.AppStore|iPhone.Build.0 = AppStore|iPhone
		{D786F943-E4B7-4240-914D-FFA39A31C487}.AppStore|iPhoneSimulator.ActiveCfg = AppStore|iPhoneSimulator
		{D786F943-E4B7-4240-914D-FFA39A31C487}.AppStore|iPhoneSimulator.Build.0 = AppStore|iPhoneSimulator
		{D786F943-E4B7-4240-914D-FFA39A31C487}.AppStore|x64.ActiveCfg = AppStore|iPhone
		{D786F943-E4B7-4240-914D-FFA39A31C487}.AppStore|x86.ActiveCfg = AppStore|iPhone
		{D786F943-E4B7-4240-914D-FFA39A31C487}.Debug|Any CPU.ActiveCfg = Debug|iPhone
		{D786F943-E4B7-4240-914D-FFA39A31C487}.Debug|ARM.ActiveCfg = Debug|iPhone
		{D786F943-E4B7-4240-914D-FFA39A31C487}.Debug|iPhone.ActiveCfg = Debug|iPhone
		{D786F943-E4B7-4240-914D-FFA39A31C487}.Debug|iPhone.Build.0 = Debug|iPhone
		{D786F943-E4B7-4240-914D-FFA39A31C487}.Debug|iPhoneSimulator.ActiveCfg = Debug|iPhoneSimulator
		{D786F943-E4B7-4240-914D-FFA39A31C487}.Debug|iPhoneSimulator.Build.0 = Debug|iPhoneSimulator
		{D786F943-E4B7-4240-914D-FFA39A31C487}.Debug|x64.ActiveCfg = Debug|iPhone
		{D786F943-E4B7-4240-914D-FFA39A31C487}.Debug|x86.ActiveCfg = Debug|iPhone
		{D786F943-E4B7-4240-914D-FFA39A31C487}.Release|Any CPU.ActiveCfg = Release|iPhone
		{D786F943-E4B7-4240-914D-FFA39A31C487}.Release|ARM.ActiveCfg = Release|iPhone
		{D786F943-E4B7-4240-914D-FFA39A31C487}.Release|iPhone.ActiveCfg = Release|iPhone
		{D786F943-E4B7-4240-914D-FFA39A31C487}.Release|iPhone.Build.0 = Release|iPhone
		{D786F943-E4B7-4240-914D-FFA39A31C487}.Release|iPhoneSimulator.ActiveCfg = Release|iPhoneSimulator
		{D786F943-E4B7-4240-914D-FFA39A31C487}.Release|iPhoneSimulator.Build.0 = Release|iPhoneSimulator
		{D786F943-E4B7-4240-914D-FFA39A31C487}.Release|x64.ActiveCfg = Release|iPhone
		{D786F943-E4B7-4240-914D-FFA39A31C487}.Release|x86.ActiveCfg = Release|iPhone
		{2649B75E-E46C-4BE3-850E-029B10CBA7FE}.Ad-Hoc|Any CPU.ActiveCfg = Release|Any CPU
		{2649B75E-E46C-4BE3-850E-029B10CBA7FE}.Ad-Hoc|Any CPU.Build.0 = Release|Any CPU
		{2649B75E-E46C-4BE3-850E-029B10CBA7FE}.Ad-Hoc|Any CPU.Deploy.0 = Release|Any CPU
		{2649B75E-E46C-4BE3-850E-029B10CBA7FE}.Ad-Hoc|ARM.ActiveCfg = Release|ARM
		{2649B75E-E46C-4BE3-850E-029B10CBA7FE}.Ad-Hoc|ARM.Build.0 = Release|ARM
		{2649B75E-E46C-4BE3-850E-029B10CBA7FE}.Ad-Hoc|ARM.Deploy.0 = Release|ARM
		{2649B75E-E46C-4BE3-850E-029B10CBA7FE}.Ad-Hoc|iPhone.ActiveCfg = Release|Any CPU
		{2649B75E-E46C-4BE3-850E-029B10CBA7FE}.Ad-Hoc|iPhone.Build.0 = Release|Any CPU
		{2649B75E-E46C-4BE3-850E-029B10CBA7FE}.Ad-Hoc|iPhone.Deploy.0 = Release|Any CPU
		{2649B75E-E46C-4BE3-850E-029B10CBA7FE}.Ad-Hoc|iPhoneSimulator.ActiveCfg = Release|Any CPU
		{2649B75E-E46C-4BE3-850E-029B10CBA7FE}.Ad-Hoc|iPhoneSimulator.Build.0 = Release|Any CPU
		{2649B75E-E46C-4BE3-850E-029B10CBA7FE}.Ad-Hoc|iPhoneSimulator.Deploy.0 = Release|Any CPU
		{2649B75E-E46C-4BE3-850E-029B10CBA7FE}.Ad-Hoc|x64.ActiveCfg = Release|Any CPU
		{2649B75E-E46C-4BE3-850E-029B10CBA7FE}.Ad-Hoc|x64.Build.0 = Release|Any CPU
		{2649B75E-E46C-4BE3-850E-029B10CBA7FE}.Ad-Hoc|x64.Deploy.0 = Release|Any CPU
		{2649B75E-E46C-4BE3-850E-029B10CBA7FE}.Ad-Hoc|x86.ActiveCfg = Release|x86
		{2649B75E-E46C-4BE3-850E-029B10CBA7FE}.Ad-Hoc|x86.Build.0 = Release|x86
		{2649B75E-E46C-4BE3-850E-029B10CBA7FE}.Ad-Hoc|x86.Deploy.0 = Release|x86
		{2649B75E-E46C-4BE3-850E-029B10CBA7FE}.AppStore|Any CPU.ActiveCfg = Release|Any CPU
		{2649B75E-E46C-4BE3-850E-029B10CBA7FE}.AppStore|Any CPU.Build.0 = Release|Any CPU
		{2649B75E-E46C-4BE3-850E-029B10CBA7FE}.AppStore|Any CPU.Deploy.0 = Release|Any CPU
		{2649B75E-E46C-4BE3-850E-029B10CBA7FE}.AppStore|ARM.ActiveCfg = Release|ARM
		{2649B75E-E46C-4BE3-850E-029B10CBA7FE}.AppStore|ARM.Build.0 = Release|ARM
		{2649B75E-E46C-4BE3-850E-029B10CBA7FE}.AppStore|ARM.Deploy.0 = Release|ARM
		{2649B75E-E46C-4BE3-850E-029B10CBA7FE}.AppStore|iPhone.ActiveCfg = Release|Any CPU
		{2649B75E-E46C-4BE3-850E-029B10CBA7FE}.AppStore|iPhone.Build.0 = Release|Any CPU
		{2649B75E-E46C-4BE3-850E-029B10CBA7FE}.AppStore|iPhone.Deploy.0 = Release|Any CPU
		{2649B75E-E46C-4BE3-850E-029B10CBA7FE}.AppStore|iPhoneSimulator.ActiveCfg = Release|Any CPU
		{2649B75E-E46C-4BE3-850E-029B10CBA7FE}.AppStore|iPhoneSimulator.Build.0 = Release|Any CPU
		{2649B75E-E46C-4BE3-850E-029B10CBA7FE}.AppStore|iPhoneSimulator.Deploy.0 = Release|Any CPU
		{2649B75E-E46C-4BE3-850E-029B10CBA7FE}.AppStore|x64.ActiveCfg = Release|Any CPU
		{2649B75E-E46C-4BE3-850E-029B10CBA7FE}.AppStore|x64.Build.0 = Release|Any CPU
		{2649B75E-E46C-4BE3-850E-029B10CBA7FE}.AppStore|x64.Deploy.0 = Release|Any CPU
		{2649B75E-E46C-4BE3-850E-029B10CBA7FE}.AppStore|x86.ActiveCfg = Release|x86
		{2649B75E-E46C-4BE3-850E-029B10CBA7FE}.AppStore|x86.Build.0 = Release|x86
		{2649B75E-E46C-4BE3-850E-029B10CBA7FE}.AppStore|x86.Deploy.0 = Release|x86
		{2649B75E-E46C-4BE3-850E-029B10CBA7FE}.Debug|Any CPU.ActiveCfg = Debug|Any CPU
		{2649B75E-E46C-4BE3-850E-029B10CBA7FE}.Debug|Any CPU.Build.0 = Debug|Any CPU
		{2649B75E-E46C-4BE3-850E-029B10CBA7FE}.Debug|Any CPU.Deploy.0 = Debug|Any CPU
		{2649B75E-E46C-4BE3-850E-029B10CBA7FE}.Debug|ARM.ActiveCfg = Debug|ARM
		{2649B75E-E46C-4BE3-850E-029B10CBA7FE}.Debug|ARM.Build.0 = Debug|ARM
		{2649B75E-E46C-4BE3-850E-029B10CBA7FE}.Debug|ARM.Deploy.0 = Debug|ARM
		{2649B75E-E46C-4BE3-850E-029B10CBA7FE}.Debug|iPhone.ActiveCfg = Debug|Any CPU
		{2649B75E-E46C-4BE3-850E-029B10CBA7FE}.Debug|iPhone.Build.0 = Debug|Any CPU
		{2649B75E-E46C-4BE3-850E-029B10CBA7FE}.Debug|iPhone.Deploy.0 = Debug|Any CPU
		{2649B75E-E46C-4BE3-850E-029B10CBA7FE}.Debug|iPhoneSimulator.ActiveCfg = Debug|Any CPU
		{2649B75E-E46C-4BE3-850E-029B10CBA7FE}.Debug|iPhoneSimulator.Build.0 = Debug|Any CPU
		{2649B75E-E46C-4BE3-850E-029B10CBA7FE}.Debug|iPhoneSimulator.Deploy.0 = Debug|Any CPU
		{2649B75E-E46C-4BE3-850E-029B10CBA7FE}.Debug|x64.ActiveCfg = Debug|Any CPU
		{2649B75E-E46C-4BE3-850E-029B10CBA7FE}.Debug|x64.Build.0 = Debug|Any CPU
		{2649B75E-E46C-4BE3-850E-029B10CBA7FE}.Debug|x64.Deploy.0 = Debug|Any CPU
		{2649B75E-E46C-4BE3-850E-029B10CBA7FE}.Debug|x86.ActiveCfg = Debug|x86
		{2649B75E-E46C-4BE3-850E-029B10CBA7FE}.Debug|x86.Build.0 = Debug|x86
		{2649B75E-E46C-4BE3-850E-029B10CBA7FE}.Debug|x86.Deploy.0 = Debug|x86
		{2649B75E-E46C-4BE3-850E-029B10CBA7FE}.Release|Any CPU.ActiveCfg = Release|Any CPU
		{2649B75E-E46C-4BE3-850E-029B10CBA7FE}.Release|Any CPU.Build.0 = Release|Any CPU
		{2649B75E-E46C-4BE3-850E-029B10CBA7FE}.Release|Any CPU.Deploy.0 = Release|Any CPU
		{2649B75E-E46C-4BE3-850E-029B10CBA7FE}.Release|ARM.ActiveCfg = Release|ARM
		{2649B75E-E46C-4BE3-850E-029B10CBA7FE}.Release|ARM.Build.0 = Release|ARM
		{2649B75E-E46C-4BE3-850E-029B10CBA7FE}.Release|ARM.Deploy.0 = Release|ARM
		{2649B75E-E46C-4BE3-850E-029B10CBA7FE}.Release|iPhone.ActiveCfg = Release|Any CPU
		{2649B75E-E46C-4BE3-850E-029B10CBA7FE}.Release|iPhone.Build.0 = Release|Any CPU
		{2649B75E-E46C-4BE3-850E-029B10CBA7FE}.Release|iPhone.Deploy.0 = Release|Any CPU
		{2649B75E-E46C-4BE3-850E-029B10CBA7FE}.Release|iPhoneSimulator.ActiveCfg = Release|Any CPU
		{2649B75E-E46C-4BE3-850E-029B10CBA7FE}.Release|iPhoneSimulator.Build.0 = Release|Any CPU
		{2649B75E-E46C-4BE3-850E-029B10CBA7FE}.Release|iPhoneSimulator.Deploy.0 = Release|Any CPU
		{2649B75E-E46C-4BE3-850E-029B10CBA7FE}.Release|x64.ActiveCfg = Release|Any CPU
		{2649B75E-E46C-4BE3-850E-029B10CBA7FE}.Release|x64.Build.0 = Release|Any CPU
		{2649B75E-E46C-4BE3-850E-029B10CBA7FE}.Release|x64.Deploy.0 = Release|Any CPU
		{2649B75E-E46C-4BE3-850E-029B10CBA7FE}.Release|x86.ActiveCfg = Release|x86
		{2649B75E-E46C-4BE3-850E-029B10CBA7FE}.Release|x86.Build.0 = Release|x86
		{2649B75E-E46C-4BE3-850E-029B10CBA7FE}.Release|x86.Deploy.0 = Release|x86
		{3361CBB2-ABCD-4433-B1DB-76F5E0F441D8}.Ad-Hoc|Any CPU.ActiveCfg = Release|x86
		{3361CBB2-ABCD-4433-B1DB-76F5E0F441D8}.Ad-Hoc|Any CPU.Build.0 = Release|x86
		{3361CBB2-ABCD-4433-B1DB-76F5E0F441D8}.Ad-Hoc|Any CPU.Deploy.0 = Release|x86
		{3361CBB2-ABCD-4433-B1DB-76F5E0F441D8}.Ad-Hoc|ARM.ActiveCfg = Release|ARM
		{3361CBB2-ABCD-4433-B1DB-76F5E0F441D8}.Ad-Hoc|ARM.Build.0 = Release|ARM
		{3361CBB2-ABCD-4433-B1DB-76F5E0F441D8}.Ad-Hoc|ARM.Deploy.0 = Release|ARM
		{3361CBB2-ABCD-4433-B1DB-76F5E0F441D8}.Ad-Hoc|iPhone.ActiveCfg = Release|x86
		{3361CBB2-ABCD-4433-B1DB-76F5E0F441D8}.Ad-Hoc|iPhone.Build.0 = Release|x86
		{3361CBB2-ABCD-4433-B1DB-76F5E0F441D8}.Ad-Hoc|iPhone.Deploy.0 = Release|x86
		{3361CBB2-ABCD-4433-B1DB-76F5E0F441D8}.Ad-Hoc|iPhoneSimulator.ActiveCfg = Release|x86
		{3361CBB2-ABCD-4433-B1DB-76F5E0F441D8}.Ad-Hoc|iPhoneSimulator.Build.0 = Release|x86
		{3361CBB2-ABCD-4433-B1DB-76F5E0F441D8}.Ad-Hoc|iPhoneSimulator.Deploy.0 = Release|x86
		{3361CBB2-ABCD-4433-B1DB-76F5E0F441D8}.Ad-Hoc|x64.ActiveCfg = Release|x64
		{3361CBB2-ABCD-4433-B1DB-76F5E0F441D8}.Ad-Hoc|x64.Build.0 = Release|x64
		{3361CBB2-ABCD-4433-B1DB-76F5E0F441D8}.Ad-Hoc|x64.Deploy.0 = Release|x64
		{3361CBB2-ABCD-4433-B1DB-76F5E0F441D8}.Ad-Hoc|x86.ActiveCfg = Release|x86
		{3361CBB2-ABCD-4433-B1DB-76F5E0F441D8}.Ad-Hoc|x86.Build.0 = Release|x86
		{3361CBB2-ABCD-4433-B1DB-76F5E0F441D8}.Ad-Hoc|x86.Deploy.0 = Release|x86
		{3361CBB2-ABCD-4433-B1DB-76F5E0F441D8}.AppStore|Any CPU.ActiveCfg = Release|x86
		{3361CBB2-ABCD-4433-B1DB-76F5E0F441D8}.AppStore|Any CPU.Build.0 = Release|x86
		{3361CBB2-ABCD-4433-B1DB-76F5E0F441D8}.AppStore|Any CPU.Deploy.0 = Release|x86
		{3361CBB2-ABCD-4433-B1DB-76F5E0F441D8}.AppStore|ARM.ActiveCfg = Release|ARM
		{3361CBB2-ABCD-4433-B1DB-76F5E0F441D8}.AppStore|ARM.Build.0 = Release|ARM
		{3361CBB2-ABCD-4433-B1DB-76F5E0F441D8}.AppStore|ARM.Deploy.0 = Release|ARM
		{3361CBB2-ABCD-4433-B1DB-76F5E0F441D8}.AppStore|iPhone.ActiveCfg = Release|x86
		{3361CBB2-ABCD-4433-B1DB-76F5E0F441D8}.AppStore|iPhone.Build.0 = Release|x86
		{3361CBB2-ABCD-4433-B1DB-76F5E0F441D8}.AppStore|iPhone.Deploy.0 = Release|x86
		{3361CBB2-ABCD-4433-B1DB-76F5E0F441D8}.AppStore|iPhoneSimulator.ActiveCfg = Release|x86
		{3361CBB2-ABCD-4433-B1DB-76F5E0F441D8}.AppStore|iPhoneSimulator.Build.0 = Release|x86
		{3361CBB2-ABCD-4433-B1DB-76F5E0F441D8}.AppStore|iPhoneSimulator.Deploy.0 = Release|x86
		{3361CBB2-ABCD-4433-B1DB-76F5E0F441D8}.AppStore|x64.ActiveCfg = Release|x64
		{3361CBB2-ABCD-4433-B1DB-76F5E0F441D8}.AppStore|x64.Build.0 = Release|x64
		{3361CBB2-ABCD-4433-B1DB-76F5E0F441D8}.AppStore|x64.Deploy.0 = Release|x64
		{3361CBB2-ABCD-4433-B1DB-76F5E0F441D8}.AppStore|x86.ActiveCfg = Release|x86
		{3361CBB2-ABCD-4433-B1DB-76F5E0F441D8}.AppStore|x86.Build.0 = Release|x86
		{3361CBB2-ABCD-4433-B1DB-76F5E0F441D8}.AppStore|x86.Deploy.0 = Release|x86
		{3361CBB2-ABCD-4433-B1DB-76F5E0F441D8}.Debug|Any CPU.ActiveCfg = Debug|x86
		{3361CBB2-ABCD-4433-B1DB-76F5E0F441D8}.Debug|ARM.ActiveCfg = Debug|ARM
		{3361CBB2-ABCD-4433-B1DB-76F5E0F441D8}.Debug|ARM.Build.0 = Debug|ARM
		{3361CBB2-ABCD-4433-B1DB-76F5E0F441D8}.Debug|ARM.Deploy.0 = Debug|ARM
		{3361CBB2-ABCD-4433-B1DB-76F5E0F441D8}.Debug|iPhone.ActiveCfg = Debug|x86
		{3361CBB2-ABCD-4433-B1DB-76F5E0F441D8}.Debug|iPhone.Build.0 = Debug|x86
		{3361CBB2-ABCD-4433-B1DB-76F5E0F441D8}.Debug|iPhoneSimulator.ActiveCfg = Debug|x86
		{3361CBB2-ABCD-4433-B1DB-76F5E0F441D8}.Debug|x64.ActiveCfg = Debug|x64
		{3361CBB2-ABCD-4433-B1DB-76F5E0F441D8}.Debug|x64.Build.0 = Debug|x64
		{3361CBB2-ABCD-4433-B1DB-76F5E0F441D8}.Debug|x64.Deploy.0 = Debug|x64
		{3361CBB2-ABCD-4433-B1DB-76F5E0F441D8}.Debug|x86.ActiveCfg = Debug|x86
		{3361CBB2-ABCD-4433-B1DB-76F5E0F441D8}.Debug|x86.Build.0 = Debug|x86
		{3361CBB2-ABCD-4433-B1DB-76F5E0F441D8}.Debug|x86.Deploy.0 = Debug|x86
		{3361CBB2-ABCD-4433-B1DB-76F5E0F441D8}.Release|Any CPU.ActiveCfg = Release|x86
		{3361CBB2-ABCD-4433-B1DB-76F5E0F441D8}.Release|ARM.ActiveCfg = Release|ARM
		{3361CBB2-ABCD-4433-B1DB-76F5E0F441D8}.Release|ARM.Build.0 = Release|ARM
		{3361CBB2-ABCD-4433-B1DB-76F5E0F441D8}.Release|ARM.Deploy.0 = Release|ARM
		{3361CBB2-ABCD-4433-B1DB-76F5E0F441D8}.Release|iPhone.ActiveCfg = Release|x86
		{3361CBB2-ABCD-4433-B1DB-76F5E0F441D8}.Release|iPhoneSimulator.ActiveCfg = Release|x86
		{3361CBB2-ABCD-4433-B1DB-76F5E0F441D8}.Release|x64.ActiveCfg = Release|x64
		{3361CBB2-ABCD-4433-B1DB-76F5E0F441D8}.Release|x64.Build.0 = Release|x64
		{3361CBB2-ABCD-4433-B1DB-76F5E0F441D8}.Release|x64.Deploy.0 = Release|x64
		{3361CBB2-ABCD-4433-B1DB-76F5E0F441D8}.Release|x86.ActiveCfg = Release|x86
		{3361CBB2-ABCD-4433-B1DB-76F5E0F441D8}.Release|x86.Build.0 = Release|x86
		{3361CBB2-ABCD-4433-B1DB-76F5E0F441D8}.Release|x86.Deploy.0 = Release|x86
		{A45E9953-D2F8-4BB2-B601-89FD0D626141}.Ad-Hoc|Any CPU.ActiveCfg = Release|Any CPU
		{A45E9953-D2F8-4BB2-B601-89FD0D626141}.Ad-Hoc|Any CPU.Build.0 = Release|Any CPU
		{A45E9953-D2F8-4BB2-B601-89FD0D626141}.Ad-Hoc|Any CPU.Deploy.0 = Release|Any CPU
		{A45E9953-D2F8-4BB2-B601-89FD0D626141}.Ad-Hoc|ARM.ActiveCfg = Release|ARM
		{A45E9953-D2F8-4BB2-B601-89FD0D626141}.Ad-Hoc|ARM.Build.0 = Release|ARM
		{A45E9953-D2F8-4BB2-B601-89FD0D626141}.Ad-Hoc|ARM.Deploy.0 = Release|ARM
		{A45E9953-D2F8-4BB2-B601-89FD0D626141}.Ad-Hoc|iPhone.ActiveCfg = Release|Any CPU
		{A45E9953-D2F8-4BB2-B601-89FD0D626141}.Ad-Hoc|iPhone.Build.0 = Release|Any CPU
		{A45E9953-D2F8-4BB2-B601-89FD0D626141}.Ad-Hoc|iPhone.Deploy.0 = Release|Any CPU
		{A45E9953-D2F8-4BB2-B601-89FD0D626141}.Ad-Hoc|iPhoneSimulator.ActiveCfg = Release|Any CPU
		{A45E9953-D2F8-4BB2-B601-89FD0D626141}.Ad-Hoc|iPhoneSimulator.Build.0 = Release|Any CPU
		{A45E9953-D2F8-4BB2-B601-89FD0D626141}.Ad-Hoc|iPhoneSimulator.Deploy.0 = Release|Any CPU
		{A45E9953-D2F8-4BB2-B601-89FD0D626141}.Ad-Hoc|x64.ActiveCfg = Release|x64
		{A45E9953-D2F8-4BB2-B601-89FD0D626141}.Ad-Hoc|x64.Build.0 = Release|x64
		{A45E9953-D2F8-4BB2-B601-89FD0D626141}.Ad-Hoc|x64.Deploy.0 = Release|x64
		{A45E9953-D2F8-4BB2-B601-89FD0D626141}.Ad-Hoc|x86.ActiveCfg = Release|x86
		{A45E9953-D2F8-4BB2-B601-89FD0D626141}.Ad-Hoc|x86.Build.0 = Release|x86
		{A45E9953-D2F8-4BB2-B601-89FD0D626141}.Ad-Hoc|x86.Deploy.0 = Release|x86
		{A45E9953-D2F8-4BB2-B601-89FD0D626141}.AppStore|Any CPU.ActiveCfg = Release|Any CPU
		{A45E9953-D2F8-4BB2-B601-89FD0D626141}.AppStore|Any CPU.Build.0 = Release|Any CPU
		{A45E9953-D2F8-4BB2-B601-89FD0D626141}.AppStore|Any CPU.Deploy.0 = Release|Any CPU
		{A45E9953-D2F8-4BB2-B601-89FD0D626141}.AppStore|ARM.ActiveCfg = Release|ARM
		{A45E9953-D2F8-4BB2-B601-89FD0D626141}.AppStore|ARM.Build.0 = Release|ARM
		{A45E9953-D2F8-4BB2-B601-89FD0D626141}.AppStore|ARM.Deploy.0 = Release|ARM
		{A45E9953-D2F8-4BB2-B601-89FD0D626141}.AppStore|iPhone.ActiveCfg = Release|Any CPU
		{A45E9953-D2F8-4BB2-B601-89FD0D626141}.AppStore|iPhone.Build.0 = Release|Any CPU
		{A45E9953-D2F8-4BB2-B601-89FD0D626141}.AppStore|iPhone.Deploy.0 = Release|Any CPU
		{A45E9953-D2F8-4BB2-B601-89FD0D626141}.AppStore|iPhoneSimulator.ActiveCfg = Release|Any CPU
		{A45E9953-D2F8-4BB2-B601-89FD0D626141}.AppStore|iPhoneSimulator.Build.0 = Release|Any CPU
		{A45E9953-D2F8-4BB2-B601-89FD0D626141}.AppStore|iPhoneSimulator.Deploy.0 = Release|Any CPU
		{A45E9953-D2F8-4BB2-B601-89FD0D626141}.AppStore|x64.ActiveCfg = Release|x64
		{A45E9953-D2F8-4BB2-B601-89FD0D626141}.AppStore|x64.Build.0 = Release|x64
		{A45E9953-D2F8-4BB2-B601-89FD0D626141}.AppStore|x64.Deploy.0 = Release|x64
		{A45E9953-D2F8-4BB2-B601-89FD0D626141}.AppStore|x86.ActiveCfg = Release|x86
		{A45E9953-D2F8-4BB2-B601-89FD0D626141}.AppStore|x86.Build.0 = Release|x86
		{A45E9953-D2F8-4BB2-B601-89FD0D626141}.AppStore|x86.Deploy.0 = Release|x86
		{A45E9953-D2F8-4BB2-B601-89FD0D626141}.Debug|Any CPU.ActiveCfg = Debug|Any CPU
		{A45E9953-D2F8-4BB2-B601-89FD0D626141}.Debug|Any CPU.Build.0 = Debug|Any CPU
		{A45E9953-D2F8-4BB2-B601-89FD0D626141}.Debug|Any CPU.Deploy.0 = Debug|Any CPU
		{A45E9953-D2F8-4BB2-B601-89FD0D626141}.Debug|ARM.ActiveCfg = Debug|ARM
		{A45E9953-D2F8-4BB2-B601-89FD0D626141}.Debug|ARM.Build.0 = Debug|ARM
		{A45E9953-D2F8-4BB2-B601-89FD0D626141}.Debug|ARM.Deploy.0 = Debug|ARM
		{A45E9953-D2F8-4BB2-B601-89FD0D626141}.Debug|iPhone.ActiveCfg = Debug|Any CPU
		{A45E9953-D2F8-4BB2-B601-89FD0D626141}.Debug|iPhone.Build.0 = Debug|Any CPU
		{A45E9953-D2F8-4BB2-B601-89FD0D626141}.Debug|iPhone.Deploy.0 = Debug|Any CPU
		{A45E9953-D2F8-4BB2-B601-89FD0D626141}.Debug|iPhoneSimulator.ActiveCfg = Debug|Any CPU
		{A45E9953-D2F8-4BB2-B601-89FD0D626141}.Debug|iPhoneSimulator.Build.0 = Debug|Any CPU
		{A45E9953-D2F8-4BB2-B601-89FD0D626141}.Debug|iPhoneSimulator.Deploy.0 = Debug|Any CPU
		{A45E9953-D2F8-4BB2-B601-89FD0D626141}.Debug|x64.ActiveCfg = Debug|x64
		{A45E9953-D2F8-4BB2-B601-89FD0D626141}.Debug|x64.Build.0 = Debug|x64
		{A45E9953-D2F8-4BB2-B601-89FD0D626141}.Debug|x64.Deploy.0 = Debug|x64
		{A45E9953-D2F8-4BB2-B601-89FD0D626141}.Debug|x86.ActiveCfg = Debug|x86
		{A45E9953-D2F8-4BB2-B601-89FD0D626141}.Debug|x86.Build.0 = Debug|x86
		{A45E9953-D2F8-4BB2-B601-89FD0D626141}.Debug|x86.Deploy.0 = Debug|x86
		{A45E9953-D2F8-4BB2-B601-89FD0D626141}.Release|Any CPU.ActiveCfg = Release|Any CPU
		{A45E9953-D2F8-4BB2-B601-89FD0D626141}.Release|Any CPU.Build.0 = Release|Any CPU
		{A45E9953-D2F8-4BB2-B601-89FD0D626141}.Release|Any CPU.Deploy.0 = Release|Any CPU
		{A45E9953-D2F8-4BB2-B601-89FD0D626141}.Release|ARM.ActiveCfg = Release|ARM
		{A45E9953-D2F8-4BB2-B601-89FD0D626141}.Release|ARM.Build.0 = Release|ARM
		{A45E9953-D2F8-4BB2-B601-89FD0D626141}.Release|ARM.Deploy.0 = Release|ARM
		{A45E9953-D2F8-4BB2-B601-89FD0D626141}.Release|iPhone.ActiveCfg = Release|Any CPU
		{A45E9953-D2F8-4BB2-B601-89FD0D626141}.Release|iPhone.Build.0 = Release|Any CPU
		{A45E9953-D2F8-4BB2-B601-89FD0D626141}.Release|iPhone.Deploy.0 = Release|Any CPU
		{A45E9953-D2F8-4BB2-B601-89FD0D626141}.Release|iPhoneSimulator.ActiveCfg = Release|Any CPU
		{A45E9953-D2F8-4BB2-B601-89FD0D626141}.Release|iPhoneSimulator.Build.0 = Release|Any CPU
		{A45E9953-D2F8-4BB2-B601-89FD0D626141}.Release|iPhoneSimulator.Deploy.0 = Release|Any CPU
		{A45E9953-D2F8-4BB2-B601-89FD0D626141}.Release|x64.ActiveCfg = Release|x64
		{A45E9953-D2F8-4BB2-B601-89FD0D626141}.Release|x64.Build.0 = Release|x64
		{A45E9953-D2F8-4BB2-B601-89FD0D626141}.Release|x64.Deploy.0 = Release|x64
		{A45E9953-D2F8-4BB2-B601-89FD0D626141}.Release|x86.ActiveCfg = Release|x86
		{A45E9953-D2F8-4BB2-B601-89FD0D626141}.Release|x86.Build.0 = Release|x86
		{A45E9953-D2F8-4BB2-B601-89FD0D626141}.Release|x86.Deploy.0 = Release|x86
	EndGlobalSection
	GlobalSection(SolutionProperties) = preSolution
		HideSolutionNode = FALSE
	EndGlobalSection
EndGlobal
